
Microsoft Visual Studio Solution File, Format Version 12.00
# Visual Studio Version 16
VisualStudioVersion = 16.0.31019.35
MinimumVisualStudioVersion = 10.0.40219.1
Project("{FAE04EC0-301F-11D3-BF4B-00C04F79EFBC}") = "WebService.Api", "WebService.Api\WebService.Api.csproj", "{69055033-6859-498F-AC8F-9A9932EB3381}"
EndProject
Global
	GlobalSection(SolutionConfigurationPlatforms) = preSolution
		Debug|Any CPU = Debug|Any CPU
		Release|Any CPU = Release|Any CPU
	EndGlobalSection
	GlobalSection(ProjectConfigurationPlatforms) = postSolution
		{69055033-6859-498F-AC8F-9A9932EB3381}.Debug|Any CPU.ActiveCfg = Debug|Any CPU
		{69055033-6859-498F-AC8F-9A9932EB3381}.Debug|Any CPU.Build.0 = Debug|Any CPU
		{69055033-6859-498F-AC8F-9A9932EB3381}.Release|Any CPU.ActiveCfg = Release|Any CPU
		{69055033-6859-498F-AC8F-9A9932EB3381}.Release|Any CPU.Build.0 = Release|Any CPU
	EndGlobalSection
	GlobalSection(SolutionProperties) = preSolution
		HideSolutionNode = FALSE
	EndGlobalSection
	GlobalSection(ExtensibilityGlobals) = postSolution
		SolutionGuid = {70D93933-F8B5-454A-97B6-75403715132A}
	EndGlobalSection
EndGlobal
